{
  "name": "assets",
  "lockfileVersion": 2,
  "requires": true,
  "packages": {
    "": {
      "dependencies": {
        "postprocessing": "^6.31.2",
        "three": "^0.152.2"
      }
    },
    "node_modules/postprocessing": {
      "version": "6.31.2",
      "resolved": "https://registry.npmjs.org/postprocessing/-/postprocessing-6.31.2.tgz",
      "integrity": "sha512-wOpL3qFmleOWfk4uK377t+7BWF1MOzBTeT+yWr6l/NlgwZZb8xEW7I3j7auwhoW2jG1uuymBeCdUQK91yn8rsw==",
      "engines": {
        "node": ">= 0.13.2"
      },
      "peerDependencies": {
        "three": ">= 0.138.0 < 0.154.0"
      }
    },
    "node_modules/three": {
      "version": "0.152.2",
      "resolved": "https://registry.npmjs.org/three/-/three-0.152.2.tgz",
      "integrity": "sha512-Ff9zIpSfkkqcBcpdiFo2f35vA9ZucO+N8TNacJOqaEE6DrB0eufItVMib8bK8Pcju/ZNT6a7blE1GhTpkdsILw=="
    }
  },
  "dependencies": {
    "postprocessing": {
      "version": "6.31.2",
      "resolved": "https://registry.npmjs.org/postprocessing/-/postprocessing-6.31.2.tgz",
      "integrity": "sha512-wOpL3qFmleOWfk4uK377t+7BWF1MOzBTeT+yWr6l/NlgwZZb8xEW7I3j7auwhoW2jG1uuymBeCdUQK91yn8rsw==",
      "requires": {}
    },
    "three": {
      "version": "0.152.2",
      "resolved": "https://registry.npmjs.org/three/-/three-0.152.2.tgz",
      "integrity": "sha512-Ff9zIpSfkkqcBcpdiFo2f35vA9ZucO+N8TNacJOqaEE6DrB0eufItVMib8bK8Pcju/ZNT6a7blE1GhTpkdsILw=="
    }
  }
}
